
Microsoft Visual Studio Solution File, Format Version 12.00
# Visual Studio Version 17
VisualStudioVersion = 17.13.35806.99
MinimumVisualStudioVersion = 10.0.40219.1
Project("{2150E333-8FDC-42A3-9474-1A3956D46DE8}") = "1. Enterprise Business Rules", "1. Enterprise Business Rules", "{02EA681E-C7D8-13C7-8484-4AC65E1B71E8}"
EndProject
Project("{2150E333-8FDC-42A3-9474-1A3956D46DE8}") = "2. Application Business Rules", "2. Application Business Rules", "{DACA02F3-4332-419B-B298-589C41C987A7}"
EndProject
Project("{2150E333-8FDC-42A3-9474-1A3956D46DE8}") = "3. Interface Adapters", "3. Interface Adapters", "{8BA61B78-82C6-47B3-8A1A-32BCA435CA68}"
EndProject
Project("{2150E333-8FDC-42A3-9474-1A3956D46DE8}") = "4. Frameworks And Drivers", "4. Frameworks And Drivers", "{C187A28E-C457-469F-965D-D4F79CCD9853}"
EndProject
Project("{FAE04EC0-301F-11D3-BF4B-00C04F79EFBC}") = "NorthWind.Sales.Entities", "NorthWind.Sales.Entities\NorthWind.Sales.Entities.csproj", "{7CEAF7A5-2D8E-4311-B9DD-1D00742594AF}"
EndProject
Project("{FAE04EC0-301F-11D3-BF4B-00C04F79EFBC}") = "NorthWind.Sales.Backend.BusinessObjects", "NorthWind.Sales.Backend.BusinessObjects\NorthWind.Sales.Backend.BusinessObjects.csproj", "{105BEA43-1277-45B0-927F-6AEF66A094F0}"
EndProject
Project("{FAE04EC0-301F-11D3-BF4B-00C04F79EFBC}") = "NorthWind.Sales.Backend.UseCases", "NorthWind.Sales.Backend.UseCases\NorthWind.Sales.Backend.UseCases.csproj", "{30CC0B34-2F66-4BA2-A2A8-93906146D2CF}"
EndProject
Project("{2150E333-8FDC-42A3-9474-1A3956D46DE8}") = "Gateways", "Gateways", "{0DB00F3A-4EAF-4592-A1B1-FE60BE6463A9}"
EndProject
Project("{2150E333-8FDC-42A3-9474-1A3956D46DE8}") = "Repositories", "Repositories", "{F553994C-5A7D-4681-8024-DB8A2B2530A7}"
EndProject
Project("{FAE04EC0-301F-11D3-BF4B-00C04F79EFBC}") = "NorthWind.Sales.Backend.Repositories", "Northwind.Sales.Backend.Repositories\NorthWind.Sales.Backend.Repositories.csproj", "{C39A67D1-C798-4885-9DD2-48C3B1847317}"
EndProject
Project("{2150E333-8FDC-42A3-9474-1A3956D46DE8}") = "Presenters", "Presenters", "{6F55C46A-5F57-4C9A-B4FF-71D909FDD5B5}"
EndProject
Project("{FAE04EC0-301F-11D3-BF4B-00C04F79EFBC}") = "NorthWind.Sales.Backend.Presenters", "NorthWind.Sales.Backend.Presenters\NorthWind.Sales.Backend.Presenters.csproj", "{6A05FA85-9FB9-4B15-85B5-2C3D87B9C229}"
EndProject
Project("{2150E333-8FDC-42A3-9474-1A3956D46DE8}") = "Controllers", "Controllers", "{2C095883-56AF-4F02-9627-57919A023601}"
EndProject
Project("{FAE04EC0-301F-11D3-BF4B-00C04F79EFBC}") = "NorthWind.Sales.Backend.Controllers", "NorthWind.Sales.Backend.Controllers\NorthWind.Sales.Backend.Controllers.csproj", "{CE6D2E52-6BB4-421F-BB0B-31FBB162BB14}"
EndProject
Project("{2150E333-8FDC-42A3-9474-1A3956D46DE8}") = "Frameworks", "Frameworks", "{B173F829-3E04-457A-BC87-CDDFD13528EE}"
EndProject
Project("{2150E333-8FDC-42A3-9474-1A3956D46DE8}") = "DataContexts", "DataContexts", "{8CFDC240-15BD-48CE-A617-6DCDB72C747B}"
EndProject
Project("{FAE04EC0-301F-11D3-BF4B-00C04F79EFBC}") = "NorthWind.Sales.Backend.DataContexts.EFCore", "NorthWind.Sales.Backend.DataContexts.EFCore\NorthWind.Sales.Backend.DataContexts.EFCore.csproj", "{D6A56EEC-9142-49EC-9A5A-FB80D8F10002}"
EndProject
Project("{2150E333-8FDC-42A3-9474-1A3956D46DE8}") = "IoC", "IoC", "{7ED4D3E9-8C36-4B83-A0FB-95BF21430C6B}"
EndProject
Project("{FAE04EC0-301F-11D3-BF4B-00C04F79EFBC}") = "NorthWind.Sales.Backend.IoC", "NorthWind.Sales.Backend.IoC\NorthWind.Sales.Backend.IoC.csproj", "{65DCC69B-6FD1-4AA6-881C-3FEE7EEFAE40}"
EndProject
Project("{2150E333-8FDC-42A3-9474-1A3956D46DE8}") = "UI", "UI", "{A2A9E4F8-1173-4383-825E-5746250028FC}"
EndProject
Project("{FAE04EC0-301F-11D3-BF4B-00C04F79EFBC}") = "Northwind.Sales.WebApi", "Northwind.Sales.WebApi\Northwind.Sales.WebApi.csproj", "{389CEA0E-E295-4E00-A8B0-EA5AC7407D03}"
EndProject
Project("{FAE04EC0-301F-11D3-BF4B-00C04F79EFBC}") = "NorthWind.Sales.Frontend.BusinessObjects", "NorthWind.Sales.Frontend.BusinessObjects\NorthWind.Sales.Frontend.BusinessObjects.csproj", "{7FEF9DDC-29B8-469A-B897-3B2B8BFA1F81}"
EndProject
Project("{2150E333-8FDC-42A3-9474-1A3956D46DE8}") = "WebApiGateways", "WebApiGateways", "{945507E8-9E5A-4F27-B83B-EF529F3161AE}"
EndProject
Project("{FAE04EC0-301F-11D3-BF4B-00C04F79EFBC}") = "NorthWind.Sales.Frontend.WebApiGateways", "NorthWind.Sales.Frontend.WebApiGateways\NorthWind.Sales.Frontend.WebApiGateways.csproj", "{44B36506-9E32-4038-AFCA-696BA7399090}"
EndProject
Project("{2150E333-8FDC-42A3-9474-1A3956D46DE8}") = "Views", "Views", "{36105193-2918-4628-AE34-3EDB1AD44F06}"
EndProject
Project("{FAE04EC0-301F-11D3-BF4B-00C04F79EFBC}") = "NorthWind.RazorComponents", "NorthWind.RazorComponents\NorthWind.RazorComponents.csproj", "{E798442D-55C9-43FD-9E43-640E237BB095}"
EndProject
Project("{FAE04EC0-301F-11D3-BF4B-00C04F79EFBC}") = "NorthWind.Sales.Frontend.Views", "NorthWind.Sales.Frontend.Views\NorthWind.Sales.Frontend.Views.csproj", "{69919219-52FC-4BC0-895A-8BFC47136AA1}"
EndProject
Project("{FAE04EC0-301F-11D3-BF4B-00C04F79EFBC}") = "NorthWind.Sales.Frontend.IoC", "NorthWind.Sales.Frontend.IoC\NorthWind.Sales.Frontend.IoC.csproj", "{C1BD0ADC-218D-4D9A-A6D3-61FB0FB2F581}"
EndProject
Project("{FAE04EC0-301F-11D3-BF4B-00C04F79EFBC}") = "NorthWind.Sales.BlazorClient", "NorthWind.Sales.BlazorClient\NorthWind.Sales.BlazorClient.csproj", "{D0920BE8-9215-49A5-A560-B829501ADBBD}"
EndProject
Project("{FAE04EC0-301F-11D3-BF4B-00C04F79EFBC}") = "NorthWind.Validation.Entities", "NorthWind.Validation.Entities\NorthWind.Validation.Entities.csproj", "{CBFFF5E7-A7BE-48B0-94E3-369A20693B9E}"
EndProject
Project("{2150E333-8FDC-42A3-9474-1A3956D46DE8}") = "Libraries", "Libraries", "{4D3CF747-605E-4357-805A-059C1307DDA3}"
EndProject
Project("{FAE04EC0-301F-11D3-BF4B-00C04F79EFBC}") = "NorthWind.ValidationService.FluentValidation", "NorthWind.ValidationService.FluentValidation\NorthWind.ValidationService.FluentValidation.csproj", "{4416B464-40E1-438F-BFA8-6264381DB0CD}"
EndProject
Project("{FAE04EC0-301F-11D3-BF4B-00C04F79EFBC}") = "NorthWind.Sales.Validators.Entities", "NorthWind.Sales.Validators.Entities\NorthWind.Sales.Validators.Entities.csproj", "{52CA5E2B-85EC-46A4-88A8-36FEEDDA8D25}"
EndProject
Project("{FAE04EC0-301F-11D3-BF4B-00C04F79EFBC}") = "NorthWind.Exceptions.Entities", "NorthWind.Exceptions.Entities\NorthWind.Exceptions.Entities.csproj", "{B7E67645-B2BB-4A6E-ADB9-1DF7DC626B18}"
EndProject
Project("{FAE04EC0-301F-11D3-BF4B-00C04F79EFBC}") = "NorthWind.HttpDelegatingHandlers", "NorthWind.HttpDelegatingHandlers\NorthWind.HttpDelegatingHandlers.csproj", "{1EACD03A-B5A3-44D5-96B7-E2B28C40CE23}"
EndProject
Project("{FAE04EC0-301F-11D3-BF4B-00C04F79EFBC}") = "NorthWind.Entities", "NorthWind.Entities\NorthWind.Entities.csproj", "{C758BA54-77F3-4863-9D92-9D93413E2588}"
EndProject
Project("{FAE04EC0-301F-11D3-BF4B-00C04F79EFBC}") = "NorthWind.Events.Entities", "NorthWind.Events.Entities\NorthWind.Events.Entities.csproj", "{E95030FA-27B8-4E0B-8CE2-18B695D591D7}"
EndProject
Project("{2150E333-8FDC-42A3-9474-1A3956D46DE8}") = "EmailGateways", "EmailGateways", "{096E9879-70C8-4860-96D7-579C23A602F3}"
EndProject
Project("{FAE04EC0-301F-11D3-BF4B-00C04F79EFBC}") = "NorthWind.Sales.Backend.SmtpGateways", "NorthWind.Sales.Backend.SmtpGateways\NorthWind.Sales.Backend.SmtpGateways.csproj", "{A6E6DF6D-1953-45A2-AD77-AD10F162C006}"
EndProject
Project("{FAE04EC0-301F-11D3-BF4B-00C04F79EFBC}") = "NorthWind.DomainLogs.Entities", "NorthWind.DomainLogs.Entities\NorthWind.DomainLogs.Entities.csproj", "{839B4EE5-9DF0-4DBC-9B07-7531720C1CC8}"
EndProject
Project("{FAE04EC0-301F-11D3-BF4B-00C04F79EFBC}") = "NorthWind.Transactions.Entities", "NorthWind.Transactions.Entities\NorthWind.Transactions.Entities.csproj", "{372E894F-01B4-4FE0-9064-DB01F6835CD9}"
EndProject
Project("{FAE04EC0-301F-11D3-BF4B-00C04F79EFBC}") = "NorthWind.UserServices", "NorthWind.UserServices\NorthWind.UserServices.csproj", "{7BA31018-DC2E-450C-90C5-045F2BE665C4}"
EndProject
Project("{FAE04EC0-301F-11D3-BF4B-00C04F79EFBC}") = "NorthWind.Result.Entities", "NorthWind.Result.Entities\NorthWind.Result.Entities.csproj", "{4B4B35A3-6C2D-4402-923F-32E379793623}"
EndProject
Global
	GlobalSection(SolutionConfigurationPlatforms) = preSolution
		Debug|Any CPU = Debug|Any CPU
		Release|Any CPU = Release|Any CPU
	EndGlobalSection
	GlobalSection(ProjectConfigurationPlatforms) = postSolution
		{7CEAF7A5-2D8E-4311-B9DD-1D00742594AF}.Debug|Any CPU.ActiveCfg = Debug|Any CPU
		{7CEAF7A5-2D8E-4311-B9DD-1D00742594AF}.Debug|Any CPU.Build.0 = Debug|Any CPU
		{7CEAF7A5-2D8E-4311-B9DD-1D00742594AF}.Release|Any CPU.ActiveCfg = Release|Any CPU
		{7CEAF7A5-2D8E-4311-B9DD-1D00742594AF}.Release|Any CPU.Build.0 = Release|Any CPU
		{105BEA43-1277-45B0-927F-6AEF66A094F0}.Debug|Any CPU.ActiveCfg = Debug|Any CPU
		{105BEA43-1277-45B0-927F-6AEF66A094F0}.Debug|Any CPU.Build.0 = Debug|Any CPU
		{105BEA43-1277-45B0-927F-6AEF66A094F0}.Release|Any CPU.ActiveCfg = Release|Any CPU
		{105BEA43-1277-45B0-927F-6AEF66A094F0}.Release|Any CPU.Build.0 = Release|Any CPU
		{30CC0B34-2F66-4BA2-A2A8-93906146D2CF}.Debug|Any CPU.ActiveCfg = Debug|Any CPU
		{30CC0B34-2F66-4BA2-A2A8-93906146D2CF}.Debug|Any CPU.Build.0 = Debug|Any CPU
		{30CC0B34-2F66-4BA2-A2A8-93906146D2CF}.Release|Any CPU.ActiveCfg = Release|Any CPU
		{30CC0B34-2F66-4BA2-A2A8-93906146D2CF}.Release|Any CPU.Build.0 = Release|Any CPU
		{C39A67D1-C798-4885-9DD2-48C3B1847317}.Debug|Any CPU.ActiveCfg = Debug|Any CPU
		{C39A67D1-C798-4885-9DD2-48C3B1847317}.Debug|Any CPU.Build.0 = Debug|Any CPU
		{C39A67D1-C798-4885-9DD2-48C3B1847317}.Release|Any CPU.ActiveCfg = Release|Any CPU
		{C39A67D1-C798-4885-9DD2-48C3B1847317}.Release|Any CPU.Build.0 = Release|Any CPU
		{6A05FA85-9FB9-4B15-85B5-2C3D87B9C229}.Debug|Any CPU.ActiveCfg = Debug|Any CPU
		{6A05FA85-9FB9-4B15-85B5-2C3D87B9C229}.Debug|Any CPU.Build.0 = Debug|Any CPU
		{6A05FA85-9FB9-4B15-85B5-2C3D87B9C229}.Release|Any CPU.ActiveCfg = Release|Any CPU
		{6A05FA85-9FB9-4B15-85B5-2C3D87B9C229}.Release|Any CPU.Build.0 = Release|Any CPU
		{CE6D2E52-6BB4-421F-BB0B-31FBB162BB14}.Debug|Any CPU.ActiveCfg = Debug|Any CPU
		{CE6D2E52-6BB4-421F-BB0B-31FBB162BB14}.Debug|Any CPU.Build.0 = Debug|Any CPU
		{CE6D2E52-6BB4-421F-BB0B-31FBB162BB14}.Release|Any CPU.ActiveCfg = Release|Any CPU
		{CE6D2E52-6BB4-421F-BB0B-31FBB162BB14}.Release|Any CPU.Build.0 = Release|Any CPU
		{D6A56EEC-9142-49EC-9A5A-FB80D8F10002}.Debug|Any CPU.ActiveCfg = Debug|Any CPU
		{D6A56EEC-9142-49EC-9A5A-FB80D8F10002}.Debug|Any CPU.Build.0 = Debug|Any CPU
		{D6A56EEC-9142-49EC-9A5A-FB80D8F10002}.Release|Any CPU.ActiveCfg = Release|Any CPU
		{D6A56EEC-9142-49EC-9A5A-FB80D8F10002}.Release|Any CPU.Build.0 = Release|Any CPU
		{65DCC69B-6FD1-4AA6-881C-3FEE7EEFAE40}.Debug|Any CPU.ActiveCfg = Debug|Any CPU
		{65DCC69B-6FD1-4AA6-881C-3FEE7EEFAE40}.Debug|Any CPU.Build.0 = Debug|Any CPU
		{65DCC69B-6FD1-4AA6-881C-3FEE7EEFAE40}.Release|Any CPU.ActiveCfg = Release|Any CPU
		{65DCC69B-6FD1-4AA6-881C-3FEE7EEFAE40}.Release|Any CPU.Build.0 = Release|Any CPU
		{389CEA0E-E295-4E00-A8B0-EA5AC7407D03}.Debug|Any CPU.ActiveCfg = Debug|Any CPU
		{389CEA0E-E295-4E00-A8B0-EA5AC7407D03}.Debug|Any CPU.Build.0 = Debug|Any CPU
		{389CEA0E-E295-4E00-A8B0-EA5AC7407D03}.Release|Any CPU.ActiveCfg = Release|Any CPU
		{389CEA0E-E295-4E00-A8B0-EA5AC7407D03}.Release|Any CPU.Build.0 = Release|Any CPU
		{7FEF9DDC-29B8-469A-B897-3B2B8BFA1F81}.Debug|Any CPU.ActiveCfg = Debug|Any CPU
		{7FEF9DDC-29B8-469A-B897-3B2B8BFA1F81}.Debug|Any CPU.Build.0 = Debug|Any CPU
		{7FEF9DDC-29B8-469A-B897-3B2B8BFA1F81}.Release|Any CPU.ActiveCfg = Release|Any CPU
		{7FEF9DDC-29B8-469A-B897-3B2B8BFA1F81}.Release|Any CPU.Build.0 = Release|Any CPU
		{44B36506-9E32-4038-AFCA-696BA7399090}.Debug|Any CPU.ActiveCfg = Debug|Any CPU
		{44B36506-9E32-4038-AFCA-696BA7399090}.Debug|Any CPU.Build.0 = Debug|Any CPU
		{44B36506-9E32-4038-AFCA-696BA7399090}.Release|Any CPU.ActiveCfg = Release|Any CPU
		{44B36506-9E32-4038-AFCA-696BA7399090}.Release|Any CPU.Build.0 = Release|Any CPU
		{E798442D-55C9-43FD-9E43-640E237BB095}.Debug|Any CPU.ActiveCfg = Debug|Any CPU
		{E798442D-55C9-43FD-9E43-640E237BB095}.Debug|Any CPU.Build.0 = Debug|Any CPU
		{E798442D-55C9-43FD-9E43-640E237BB095}.Release|Any CPU.ActiveCfg = Release|Any CPU
		{E798442D-55C9-43FD-9E43-640E237BB095}.Release|Any CPU.Build.0 = Release|Any CPU
		{69919219-52FC-4BC0-895A-8BFC47136AA1}.Debug|Any CPU.ActiveCfg = Debug|Any CPU
		{69919219-52FC-4BC0-895A-8BFC47136AA1}.Debug|Any CPU.Build.0 = Debug|Any CPU
		{69919219-52FC-4BC0-895A-8BFC47136AA1}.Release|Any CPU.ActiveCfg = Release|Any CPU
		{69919219-52FC-4BC0-895A-8BFC47136AA1}.Release|Any CPU.Build.0 = Release|Any CPU
		{C1BD0ADC-218D-4D9A-A6D3-61FB0FB2F581}.Debug|Any CPU.ActiveCfg = Debug|Any CPU
		{C1BD0ADC-218D-4D9A-A6D3-61FB0FB2F581}.Debug|Any CPU.Build.0 = Debug|Any CPU
		{C1BD0ADC-218D-4D9A-A6D3-61FB0FB2F581}.Release|Any CPU.ActiveCfg = Release|Any CPU
		{C1BD0ADC-218D-4D9A-A6D3-61FB0FB2F581}.Release|Any CPU.Build.0 = Release|Any CPU
		{D0920BE8-9215-49A5-A560-B829501ADBBD}.Debug|Any CPU.ActiveCfg = Debug|Any CPU
		{D0920BE8-9215-49A5-A560-B829501ADBBD}.Debug|Any CPU.Build.0 = Debug|Any CPU
		{D0920BE8-9215-49A5-A560-B829501ADBBD}.Release|Any CPU.ActiveCfg = Release|Any CPU
		{D0920BE8-9215-49A5-A560-B829501ADBBD}.Release|Any CPU.Build.0 = Release|Any CPU
		{CBFFF5E7-A7BE-48B0-94E3-369A20693B9E}.Debug|Any CPU.ActiveCfg = Debug|Any CPU
		{CBFFF5E7-A7BE-48B0-94E3-369A20693B9E}.Debug|Any CPU.Build.0 = Debug|Any CPU
		{CBFFF5E7-A7BE-48B0-94E3-369A20693B9E}.Release|Any CPU.ActiveCfg = Release|Any CPU
		{CBFFF5E7-A7BE-48B0-94E3-369A20693B9E}.Release|Any CPU.Build.0 = Release|Any CPU
		{4416B464-40E1-438F-BFA8-6264381DB0CD}.Debug|Any CPU.ActiveCfg = Debug|Any CPU
		{4416B464-40E1-438F-BFA8-6264381DB0CD}.Debug|Any CPU.Build.0 = Debug|Any CPU
		{4416B464-40E1-438F-BFA8-6264381DB0CD}.Release|Any CPU.ActiveCfg = Release|Any CPU
		{4416B464-40E1-438F-BFA8-6264381DB0CD}.Release|Any CPU.Build.0 = Release|Any CPU
		{52CA5E2B-85EC-46A4-88A8-36FEEDDA8D25}.Debug|Any CPU.ActiveCfg = Debug|Any CPU
		{52CA5E2B-85EC-46A4-88A8-36FEEDDA8D25}.Debug|Any CPU.Build.0 = Debug|Any CPU
		{52CA5E2B-85EC-46A4-88A8-36FEEDDA8D25}.Release|Any CPU.ActiveCfg = Release|Any CPU
		{52CA5E2B-85EC-46A4-88A8-36FEEDDA8D25}.Release|Any CPU.Build.0 = Release|Any CPU
		{B7E67645-B2BB-4A6E-ADB9-1DF7DC626B18}.Debug|Any CPU.ActiveCfg = Debug|Any CPU
		{B7E67645-B2BB-4A6E-ADB9-1DF7DC626B18}.Debug|Any CPU.Build.0 = Debug|Any CPU
		{B7E67645-B2BB-4A6E-ADB9-1DF7DC626B18}.Release|Any CPU.ActiveCfg = Release|Any CPU
		{B7E67645-B2BB-4A6E-ADB9-1DF7DC626B18}.Release|Any CPU.Build.0 = Release|Any CPU
		{1EACD03A-B5A3-44D5-96B7-E2B28C40CE23}.Debug|Any CPU.ActiveCfg = Debug|Any CPU
		{1EACD03A-B5A3-44D5-96B7-E2B28C40CE23}.Debug|Any CPU.Build.0 = Debug|Any CPU
		{1EACD03A-B5A3-44D5-96B7-E2B28C40CE23}.Release|Any CPU.ActiveCfg = Release|Any CPU
		{1EACD03A-B5A3-44D5-96B7-E2B28C40CE23}.Release|Any CPU.Build.0 = Release|Any CPU
		{C758BA54-77F3-4863-9D92-9D93413E2588}.Debug|Any CPU.ActiveCfg = Debug|Any CPU
		{C758BA54-77F3-4863-9D92-9D93413E2588}.Debug|Any CPU.Build.0 = Debug|Any CPU
		{C758BA54-77F3-4863-9D92-9D93413E2588}.Release|Any CPU.ActiveCfg = Release|Any CPU
		{C758BA54-77F3-4863-9D92-9D93413E2588}.Release|Any CPU.Build.0 = Release|Any CPU
		{E95030FA-27B8-4E0B-8CE2-18B695D591D7}.Debug|Any CPU.ActiveCfg = Debug|Any CPU
		{E95030FA-27B8-4E0B-8CE2-18B695D591D7}.Debug|Any CPU.Build.0 = Debug|Any CPU
		{E95030FA-27B8-4E0B-8CE2-18B695D591D7}.Release|Any CPU.ActiveCfg = Release|Any CPU
		{E95030FA-27B8-4E0B-8CE2-18B695D591D7}.Release|Any CPU.Build.0 = Release|Any CPU
		{A6E6DF6D-1953-45A2-AD77-AD10F162C006}.Debug|Any CPU.ActiveCfg = Debug|Any CPU
		{A6E6DF6D-1953-45A2-AD77-AD10F162C006}.Debug|Any CPU.Build.0 = Debug|Any CPU
		{A6E6DF6D-1953-45A2-AD77-AD10F162C006}.Release|Any CPU.ActiveCfg = Release|Any CPU
		{A6E6DF6D-1953-45A2-AD77-AD10F162C006}.Release|Any CPU.Build.0 = Release|Any CPU
		{839B4EE5-9DF0-4DBC-9B07-7531720C1CC8}.Debug|Any CPU.ActiveCfg = Debug|Any CPU
		{839B4EE5-9DF0-4DBC-9B07-7531720C1CC8}.Debug|Any CPU.Build.0 = Debug|Any CPU
		{839B4EE5-9DF0-4DBC-9B07-7531720C1CC8}.Release|Any CPU.ActiveCfg = Release|Any CPU
		{839B4EE5-9DF0-4DBC-9B07-7531720C1CC8}.Release|Any CPU.Build.0 = Release|Any CPU
		{372E894F-01B4-4FE0-9064-DB01F6835CD9}.Debug|Any CPU.ActiveCfg = Debug|Any CPU
		{372E894F-01B4-4FE0-9064-DB01F6835CD9}.Debug|Any CPU.Build.0 = Debug|Any CPU
		{372E894F-01B4-4FE0-9064-DB01F6835CD9}.Release|Any CPU.ActiveCfg = Release|Any CPU
		{372E894F-01B4-4FE0-9064-DB01F6835CD9}.Release|Any CPU.Build.0 = Release|Any CPU
		{7BA31018-DC2E-450C-90C5-045F2BE665C4}.Debug|Any CPU.ActiveCfg = Debug|Any CPU
		{7BA31018-DC2E-450C-90C5-045F2BE665C4}.Debug|Any CPU.Build.0 = Debug|Any CPU
		{7BA31018-DC2E-450C-90C5-045F2BE665C4}.Release|Any CPU.ActiveCfg = Release|Any CPU
		{7BA31018-DC2E-450C-90C5-045F2BE665C4}.Release|Any CPU.Build.0 = Release|Any CPU
		{4B4B35A3-6C2D-4402-923F-32E379793623}.Debug|Any CPU.ActiveCfg = Debug|Any CPU
		{4B4B35A3-6C2D-4402-923F-32E379793623}.Debug|Any CPU.Build.0 = Debug|Any CPU
		{4B4B35A3-6C2D-4402-923F-32E379793623}.Release|Any CPU.ActiveCfg = Release|Any CPU
		{4B4B35A3-6C2D-4402-923F-32E379793623}.Release|Any CPU.Build.0 = Release|Any CPU
	EndGlobalSection
	GlobalSection(SolutionProperties) = preSolution
		HideSolutionNode = FALSE
	EndGlobalSection
	GlobalSection(NestedProjects) = preSolution
		{7CEAF7A5-2D8E-4311-B9DD-1D00742594AF} = {02EA681E-C7D8-13C7-8484-4AC65E1B71E8}
		{105BEA43-1277-45B0-927F-6AEF66A094F0} = {DACA02F3-4332-419B-B298-589C41C987A7}
		{30CC0B34-2F66-4BA2-A2A8-93906146D2CF} = {DACA02F3-4332-419B-B298-589C41C987A7}
		{0DB00F3A-4EAF-4592-A1B1-FE60BE6463A9} = {8BA61B78-82C6-47B3-8A1A-32BCA435CA68}
		{F553994C-5A7D-4681-8024-DB8A2B2530A7} = {0DB00F3A-4EAF-4592-A1B1-FE60BE6463A9}
		{C39A67D1-C798-4885-9DD2-48C3B1847317} = {F553994C-5A7D-4681-8024-DB8A2B2530A7}
		{6F55C46A-5F57-4C9A-B4FF-71D909FDD5B5} = {8BA61B78-82C6-47B3-8A1A-32BCA435CA68}
		{6A05FA85-9FB9-4B15-85B5-2C3D87B9C229} = {6F55C46A-5F57-4C9A-B4FF-71D909FDD5B5}
		{2C095883-56AF-4F02-9627-57919A023601} = {8BA61B78-82C6-47B3-8A1A-32BCA435CA68}
		{CE6D2E52-6BB4-421F-BB0B-31FBB162BB14} = {2C095883-56AF-4F02-9627-57919A023601}
		{B173F829-3E04-457A-BC87-CDDFD13528EE} = {C187A28E-C457-469F-965D-D4F79CCD9853}
		{8CFDC240-15BD-48CE-A617-6DCDB72C747B} = {B173F829-3E04-457A-BC87-CDDFD13528EE}
		{D6A56EEC-9142-49EC-9A5A-FB80D8F10002} = {8CFDC240-15BD-48CE-A617-6DCDB72C747B}
		{7ED4D3E9-8C36-4B83-A0FB-95BF21430C6B} = {C187A28E-C457-469F-965D-D4F79CCD9853}
		{65DCC69B-6FD1-4AA6-881C-3FEE7EEFAE40} = {7ED4D3E9-8C36-4B83-A0FB-95BF21430C6B}
		{A2A9E4F8-1173-4383-825E-5746250028FC} = {C187A28E-C457-469F-965D-D4F79CCD9853}
		{389CEA0E-E295-4E00-A8B0-EA5AC7407D03} = {A2A9E4F8-1173-4383-825E-5746250028FC}
		{7FEF9DDC-29B8-469A-B897-3B2B8BFA1F81} = {DACA02F3-4332-419B-B298-589C41C987A7}
		{945507E8-9E5A-4F27-B83B-EF529F3161AE} = {8BA61B78-82C6-47B3-8A1A-32BCA435CA68}
		{44B36506-9E32-4038-AFCA-696BA7399090} = {945507E8-9E5A-4F27-B83B-EF529F3161AE}
		{36105193-2918-4628-AE34-3EDB1AD44F06} = {8BA61B78-82C6-47B3-8A1A-32BCA435CA68}
		{E798442D-55C9-43FD-9E43-640E237BB095} = {36105193-2918-4628-AE34-3EDB1AD44F06}
		{69919219-52FC-4BC0-895A-8BFC47136AA1} = {36105193-2918-4628-AE34-3EDB1AD44F06}
		{C1BD0ADC-218D-4D9A-A6D3-61FB0FB2F581} = {7ED4D3E9-8C36-4B83-A0FB-95BF21430C6B}
		{D0920BE8-9215-49A5-A560-B829501ADBBD} = {A2A9E4F8-1173-4383-825E-5746250028FC}
		{CBFFF5E7-A7BE-48B0-94E3-369A20693B9E} = {02EA681E-C7D8-13C7-8484-4AC65E1B71E8}
		{4D3CF747-605E-4357-805A-059C1307DDA3} = {C187A28E-C457-469F-965D-D4F79CCD9853}
		{4416B464-40E1-438F-BFA8-6264381DB0CD} = {4D3CF747-605E-4357-805A-059C1307DDA3}
		{52CA5E2B-85EC-46A4-88A8-36FEEDDA8D25} = {02EA681E-C7D8-13C7-8484-4AC65E1B71E8}
		{B7E67645-B2BB-4A6E-ADB9-1DF7DC626B18} = {02EA681E-C7D8-13C7-8484-4AC65E1B71E8}
		{1EACD03A-B5A3-44D5-96B7-E2B28C40CE23} = {02EA681E-C7D8-13C7-8484-4AC65E1B71E8}
		{C758BA54-77F3-4863-9D92-9D93413E2588} = {02EA681E-C7D8-13C7-8484-4AC65E1B71E8}
		{E95030FA-27B8-4E0B-8CE2-18B695D591D7} = {02EA681E-C7D8-13C7-8484-4AC65E1B71E8}
		{096E9879-70C8-4860-96D7-579C23A602F3} = {0DB00F3A-4EAF-4592-A1B1-FE60BE6463A9}
		{A6E6DF6D-1953-45A2-AD77-AD10F162C006} = {096E9879-70C8-4860-96D7-579C23A602F3}
		{839B4EE5-9DF0-4DBC-9B07-7531720C1CC8} = {02EA681E-C7D8-13C7-8484-4AC65E1B71E8}
		{372E894F-01B4-4FE0-9064-DB01F6835CD9} = {02EA681E-C7D8-13C7-8484-4AC65E1B71E8}
		{7BA31018-DC2E-450C-90C5-045F2BE665C4} = {4D3CF747-605E-4357-805A-059C1307DDA3}
		{4B4B35A3-6C2D-4402-923F-32E379793623} = {02EA681E-C7D8-13C7-8484-4AC65E1B71E8}
	EndGlobalSection
	GlobalSection(ExtensibilityGlobals) = postSolution
		SolutionGuid = {813069B3-D9B8-492B-B36C-6C8754930A42}
	EndGlobalSection
EndGlobal
